{
  "name": "claude-token-stack",
  "version": "0.1.0-rc",
  "lockfileVersion": 3,
  "requires": true,
  "packages": {
    "": {
      "name": "claude-token-stack",
      "version": "0.1.0-rc",
      "license": "MIT",
      "bin": {
        "claude-token-stack": "bin/cts.js",
        "cts": "bin/cts.js"
      },
      "engines": {
        "node": ">=18"
      }
    }
  }
}
